PODS:
  - Bloc (0.1.0):
    - RxSwift (~> 4.0)
  - Nimble (8.0.1)
  - Quick (2.1.0)
  - RxSwift (4.5.0)

DEPENDENCIES:
  - Bloc (from `../`)
  - Nimble
  - Quick
  - RxSwift

SPEC REPOS:
  https://github.com/cocoapods/specs.git:
    - Nimble
    - Quick
    - RxSwift

EXTERNAL SOURCES:
  Bloc:
    :path: "../"

SPEC CHECKSUMS:
  Bloc: c5a31162d9e985e16dd3496e59becc6a0075dcef
  Nimble: 45f786ae66faa9a709624227fae502db55a8bdd0
  Quick: 4be43f6634acfa727dd106bdf3929ce125ffa79d
  RxSwift: f172070dfd1a93d70a9ab97a5a01166206e1c575

PODFILE CHECKSUM: 369e7a8dc012cfcef74e40a380096b3a70306bcd

COCOAPODS: 1.6.1
